
Microsoft Visual Studio Solution File, Format Version 12.00
# Visual Studio Version 17
VisualStudioVersion = 17.13.35931.197
MinimumVisualStudioVersion = 10.0.40219.1
Project("{FAE04EC0-301F-11D3-BF4B-00C04F79EFBC}") = "DotnetAgents", "DotnetAgents\DotnetAgents.csproj", "{A6A16C8E-E796-4322-B9D0-80408FEAE3E9}"
EndProject
Project("{2150E333-8FDC-42A3-9474-1A3956D46DE8}") = "1_BASIC", "1_BASIC", "{02EA681E-C7D8-13C7-8484-4AC65E1B71E8}"
EndProject
Project("{2150E333-8FDC-42A3-9474-1A3956D46DE8}") = "2_INTERMEDIATE", "2_INTERMEDIATE", "{D2B3BE43-F45C-4468-974D-22CBFFB41517}"
EndProject
Project("{2150E333-8FDC-42A3-9474-1A3956D46DE8}") = "3_ADVANCED", "3_ADVANCED", "{10DFC14F-DB50-4383-9B21-4605AC07E96C}"
EndProject
Project("{FAE04EC0-301F-11D3-BF4B-00C04F79EFBC}") = "1_LLM", "1_LLM\1_LLM.csproj", "{61C95952-FD80-44BD-8F5B-84E11F8EA1ED}"
EndProject
Project("{FAE04EC0-301F-11D3-BF4B-00C04F79EFBC}") = "2_AzureAIFoundryAndDI", "2_AzureAIFoundry\2_AzureAIFoundryAndDI.csproj", "{06024294-B780-4DAB-8EE5-909A71CD4601}"
EndProject
Project("{FAE04EC0-301F-11D3-BF4B-00C04F79EFBC}") = "3_SemanticKernel", "3_SemanticKernel\3_SemanticKernel.csproj", "{221B5367-D70A-4C89-AB2E-FF36CB5F1371}"
EndProject
Project("{FAE04EC0-301F-11D3-BF4B-00C04F79EFBC}") = "4_Agents365", "4_Agents365\Agents365\4_Agents365.csproj", "{1326FD44-0E40-542E-4D34-B9B3C75E7731}"
EndProject
Project("{FAE04EC0-301F-11D3-BF4B-00C04F79EFBC}") = "1_Context", "1_Context\1_Context.csproj", "{9AEF136C-66E9-4F51-AECC-7FCC9E051155}"
EndProject
Project("{FAE04EC0-301F-11D3-BF4B-00C04F79EFBC}") = "2_Cosmos", "2_Cosmos\2_Cosmos.csproj", "{AB0596C8-74A5-4C26-B5EA-8C6E79B2320E}"
EndProject
Project("{FAE04EC0-301F-11D3-BF4B-00C04F79EFBC}") = "3_Plugins", "3_Plugins\3_Plugins.csproj", "{42C0CC61-9F09-4946-ACB1-6CA98CDBFEE1}"
EndProject
Project("{FAE04EC0-301F-11D3-BF4B-00C04F79EFBC}") = "4_Language", "4_Language\4_Language.csproj", "{5ACD41D2-CE7E-4DAD-B90F-E18D78AB3154}"
EndProject
Project("{FAE04EC0-301F-11D3-BF4B-00C04F79EFBC}") = "5_Prompt", "5_Prompt\5_Prompt.csproj", "{663B23E8-10CC-4807-AC9D-B4BA9C3B9517}"
EndProject
Project("{FAE04EC0-301F-11D3-BF4B-00C04F79EFBC}") = "6_RAG", "6_RAG\6_RAG.csproj", "{946F898C-93BA-4AD6-99CF-C4A1EA37AC48}"
EndProject
Project("{FAE04EC0-301F-11D3-BF4B-00C04F79EFBC}") = "7_StructuredOutput", "7_StructuredOutput\7_StructuredOutput.csproj", "{2B69F484-2A93-4125-867F-D35DA8669F72}"
EndProject
Project("{FAE04EC0-301F-11D3-BF4B-00C04F79EFBC}") = "8_Channels", "8_Channels\8_Channels.csproj", "{7EE361C5-5342-48DA-B25B-18DDF6A96A75}"
EndProject
Project("{FAE04EC0-301F-11D3-BF4B-00C04F79EFBC}") = "1_MCPServer", "1_MCPServer\1_MCPServer.csproj", "{D81A6703-4618-4990-ACA7-C6691AB6984A}"
EndProject
Project("{FAE04EC0-301F-11D3-BF4B-00C04F79EFBC}") = "2_MCPClient", "2_MCPClient\2_MCPClient.csproj", "{4E781850-1D6A-4197-BFE6-2899D034C934}"
EndProject
Project("{FAE04EC0-301F-11D3-BF4B-00C04F79EFBC}") = "3_MultiModalLLMs", "3_MultiModalLLMs\3_MultiModalLLMs.csproj", "{91BC9B06-C2CD-4F52-95C1-15CFF8FEC6B9}"
EndProject
Project("{FAE04EC0-301F-11D3-BF4B-00C04F79EFBC}") = "4_LocalLLMs", "4_LocalLLMs\4_LocalLLMs.csproj", "{33587606-C237-4EAE-89AC-80BDCAEDE159}"
EndProject
Project("{2150E333-8FDC-42A3-9474-1A3956D46DE8}") = "LOCAL", "LOCAL", "{36E4DDA6-35D9-4B47-B4C0-8DD5D067CA78}"
	ProjectSection(SolutionItems) = preProject
		Creds.txt = Creds.txt
	EndProjectSection
EndProject
Global
	GlobalSection(SolutionConfigurationPlatforms) = preSolution
		Debug|Any CPU = Debug|Any CPU
		Release|Any CPU = Release|Any CPU
	EndGlobalSection
	GlobalSection(ProjectConfigurationPlatforms) = postSolution
		{A6A16C8E-E796-4322-B9D0-80408FEAE3E9}.Debug|Any CPU.ActiveCfg = Debug|Any CPU
		{A6A16C8E-E796-4322-B9D0-80408FEAE3E9}.Debug|Any CPU.Build.0 = Debug|Any CPU
		{A6A16C8E-E796-4322-B9D0-80408FEAE3E9}.Release|Any CPU.ActiveCfg = Release|Any CPU
		{A6A16C8E-E796-4322-B9D0-80408FEAE3E9}.Release|Any CPU.Build.0 = Release|Any CPU
		{61C95952-FD80-44BD-8F5B-84E11F8EA1ED}.Debug|Any CPU.ActiveCfg = Debug|Any CPU
		{61C95952-FD80-44BD-8F5B-84E11F8EA1ED}.Debug|Any CPU.Build.0 = Debug|Any CPU
		{61C95952-FD80-44BD-8F5B-84E11F8EA1ED}.Release|Any CPU.ActiveCfg = Release|Any CPU
		{61C95952-FD80-44BD-8F5B-84E11F8EA1ED}.Release|Any CPU.Build.0 = Release|Any CPU
		{06024294-B780-4DAB-8EE5-909A71CD4601}.Debug|Any CPU.ActiveCfg = Debug|Any CPU
		{06024294-B780-4DAB-8EE5-909A71CD4601}.Debug|Any CPU.Build.0 = Debug|Any CPU
		{06024294-B780-4DAB-8EE5-909A71CD4601}.Release|Any CPU.ActiveCfg = Release|Any CPU
		{06024294-B780-4DAB-8EE5-909A71CD4601}.Release|Any CPU.Build.0 = Release|Any CPU
		{221B5367-D70A-4C89-AB2E-FF36CB5F1371}.Debug|Any CPU.ActiveCfg = Debug|Any CPU
		{221B5367-D70A-4C89-AB2E-FF36CB5F1371}.Debug|Any CPU.Build.0 = Debug|Any CPU
		{221B5367-D70A-4C89-AB2E-FF36CB5F1371}.Release|Any CPU.ActiveCfg = Release|Any CPU
		{221B5367-D70A-4C89-AB2E-FF36CB5F1371}.Release|Any CPU.Build.0 = Release|Any CPU
		{1326FD44-0E40-542E-4D34-B9B3C75E7731}.Debug|Any CPU.ActiveCfg = Debug|Any CPU
		{1326FD44-0E40-542E-4D34-B9B3C75E7731}.Debug|Any CPU.Build.0 = Debug|Any CPU
		{1326FD44-0E40-542E-4D34-B9B3C75E7731}.Release|Any CPU.ActiveCfg = Release|Any CPU
		{1326FD44-0E40-542E-4D34-B9B3C75E7731}.Release|Any CPU.Build.0 = Release|Any CPU
		{9AEF136C-66E9-4F51-AECC-7FCC9E051155}.Debug|Any CPU.ActiveCfg = Debug|Any CPU
		{9AEF136C-66E9-4F51-AECC-7FCC9E051155}.Debug|Any CPU.Build.0 = Debug|Any CPU
		{9AEF136C-66E9-4F51-AECC-7FCC9E051155}.Release|Any CPU.ActiveCfg = Release|Any CPU
		{9AEF136C-66E9-4F51-AECC-7FCC9E051155}.Release|Any CPU.Build.0 = Release|Any CPU
		{AB0596C8-74A5-4C26-B5EA-8C6E79B2320E}.Debug|Any CPU.ActiveCfg = Debug|Any CPU
		{AB0596C8-74A5-4C26-B5EA-8C6E79B2320E}.Debug|Any CPU.Build.0 = Debug|Any CPU
		{AB0596C8-74A5-4C26-B5EA-8C6E79B2320E}.Release|Any CPU.ActiveCfg = Release|Any CPU
		{AB0596C8-74A5-4C26-B5EA-8C6E79B2320E}.Release|Any CPU.Build.0 = Release|Any CPU
		{42C0CC61-9F09-4946-ACB1-6CA98CDBFEE1}.Debug|Any CPU.ActiveCfg = Debug|Any CPU
		{42C0CC61-9F09-4946-ACB1-6CA98CDBFEE1}.Debug|Any CPU.Build.0 = Debug|Any CPU
		{42C0CC61-9F09-4946-ACB1-6CA98CDBFEE1}.Release|Any CPU.ActiveCfg = Release|Any CPU
		{42C0CC61-9F09-4946-ACB1-6CA98CDBFEE1}.Release|Any CPU.Build.0 = Release|Any CPU
		{5ACD41D2-CE7E-4DAD-B90F-E18D78AB3154}.Debug|Any CPU.ActiveCfg = Debug|Any CPU
		{5ACD41D2-CE7E-4DAD-B90F-E18D78AB3154}.Debug|Any CPU.Build.0 = Debug|Any CPU
		{5ACD41D2-CE7E-4DAD-B90F-E18D78AB3154}.Release|Any CPU.ActiveCfg = Release|Any CPU
		{5ACD41D2-CE7E-4DAD-B90F-E18D78AB3154}.Release|Any CPU.Build.0 = Release|Any CPU
		{663B23E8-10CC-4807-AC9D-B4BA9C3B9517}.Debug|Any CPU.ActiveCfg = Debug|Any CPU
		{663B23E8-10CC-4807-AC9D-B4BA9C3B9517}.Debug|Any CPU.Build.0 = Debug|Any CPU
		{663B23E8-10CC-4807-AC9D-B4BA9C3B9517}.Release|Any CPU.ActiveCfg = Release|Any CPU
		{663B23E8-10CC-4807-AC9D-B4BA9C3B9517}.Release|Any CPU.Build.0 = Release|Any CPU
		{946F898C-93BA-4AD6-99CF-C4A1EA37AC48}.Debug|Any CPU.ActiveCfg = Debug|Any CPU
		{946F898C-93BA-4AD6-99CF-C4A1EA37AC48}.Debug|Any CPU.Build.0 = Debug|Any CPU
		{946F898C-93BA-4AD6-99CF-C4A1EA37AC48}.Release|Any CPU.ActiveCfg = Release|Any CPU
		{946F898C-93BA-4AD6-99CF-C4A1EA37AC48}.Release|Any CPU.Build.0 = Release|Any CPU
		{2B69F484-2A93-4125-867F-D35DA8669F72}.Debug|Any CPU.ActiveCfg = Debug|Any CPU
		{2B69F484-2A93-4125-867F-D35DA8669F72}.Debug|Any CPU.Build.0 = Debug|Any CPU
		{2B69F484-2A93-4125-867F-D35DA8669F72}.Release|Any CPU.ActiveCfg = Release|Any CPU
		{2B69F484-2A93-4125-867F-D35DA8669F72}.Release|Any CPU.Build.0 = Release|Any CPU
		{7EE361C5-5342-48DA-B25B-18DDF6A96A75}.Debug|Any CPU.ActiveCfg = Debug|Any CPU
		{7EE361C5-5342-48DA-B25B-18DDF6A96A75}.Debug|Any CPU.Build.0 = Debug|Any CPU
		{7EE361C5-5342-48DA-B25B-18DDF6A96A75}.Release|Any CPU.ActiveCfg = Release|Any CPU
		{7EE361C5-5342-48DA-B25B-18DDF6A96A75}.Release|Any CPU.Build.0 = Release|Any CPU
		{D81A6703-4618-4990-ACA7-C6691AB6984A}.Debug|Any CPU.ActiveCfg = Debug|Any CPU
		{D81A6703-4618-4990-ACA7-C6691AB6984A}.Debug|Any CPU.Build.0 = Debug|Any CPU
		{D81A6703-4618-4990-ACA7-C6691AB6984A}.Release|Any CPU.ActiveCfg = Release|Any CPU
		{D81A6703-4618-4990-ACA7-C6691AB6984A}.Release|Any CPU.Build.0 = Release|Any CPU
		{4E781850-1D6A-4197-BFE6-2899D034C934}.Debug|Any CPU.ActiveCfg = Debug|Any CPU
		{4E781850-1D6A-4197-BFE6-2899D034C934}.Debug|Any CPU.Build.0 = Debug|Any CPU
		{4E781850-1D6A-4197-BFE6-2899D034C934}.Release|Any CPU.ActiveCfg = Release|Any CPU
		{4E781850-1D6A-4197-BFE6-2899D034C934}.Release|Any CPU.Build.0 = Release|Any CPU
		{91BC9B06-C2CD-4F52-95C1-15CFF8FEC6B9}.Debug|Any CPU.ActiveCfg = Debug|Any CPU
		{91BC9B06-C2CD-4F52-95C1-15CFF8FEC6B9}.Debug|Any CPU.Build.0 = Debug|Any CPU
		{91BC9B06-C2CD-4F52-95C1-15CFF8FEC6B9}.Release|Any CPU.ActiveCfg = Release|Any CPU
		{91BC9B06-C2CD-4F52-95C1-15CFF8FEC6B9}.Release|Any CPU.Build.0 = Release|Any CPU
		{33587606-C237-4EAE-89AC-80BDCAEDE159}.Debug|Any CPU.ActiveCfg = Debug|Any CPU
		{33587606-C237-4EAE-89AC-80BDCAEDE159}.Debug|Any CPU.Build.0 = Debug|Any CPU
		{33587606-C237-4EAE-89AC-80BDCAEDE159}.Release|Any CPU.ActiveCfg = Release|Any CPU
		{33587606-C237-4EAE-89AC-80BDCAEDE159}.Release|Any CPU.Build.0 = Release|Any CPU
	EndGlobalSection
	GlobalSection(SolutionProperties) = preSolution
		HideSolutionNode = FALSE
	EndGlobalSection
	GlobalSection(NestedProjects) = preSolution
		{61C95952-FD80-44BD-8F5B-84E11F8EA1ED} = {02EA681E-C7D8-13C7-8484-4AC65E1B71E8}
		{06024294-B780-4DAB-8EE5-909A71CD4601} = {02EA681E-C7D8-13C7-8484-4AC65E1B71E8}
		{221B5367-D70A-4C89-AB2E-FF36CB5F1371} = {02EA681E-C7D8-13C7-8484-4AC65E1B71E8}
		{1326FD44-0E40-542E-4D34-B9B3C75E7731} = {02EA681E-C7D8-13C7-8484-4AC65E1B71E8}
		{9AEF136C-66E9-4F51-AECC-7FCC9E051155} = {D2B3BE43-F45C-4468-974D-22CBFFB41517}
		{AB0596C8-74A5-4C26-B5EA-8C6E79B2320E} = {D2B3BE43-F45C-4468-974D-22CBFFB41517}
		{42C0CC61-9F09-4946-ACB1-6CA98CDBFEE1} = {D2B3BE43-F45C-4468-974D-22CBFFB41517}
		{5ACD41D2-CE7E-4DAD-B90F-E18D78AB3154} = {D2B3BE43-F45C-4468-974D-22CBFFB41517}
		{663B23E8-10CC-4807-AC9D-B4BA9C3B9517} = {D2B3BE43-F45C-4468-974D-22CBFFB41517}
		{946F898C-93BA-4AD6-99CF-C4A1EA37AC48} = {D2B3BE43-F45C-4468-974D-22CBFFB41517}
		{2B69F484-2A93-4125-867F-D35DA8669F72} = {D2B3BE43-F45C-4468-974D-22CBFFB41517}
		{7EE361C5-5342-48DA-B25B-18DDF6A96A75} = {D2B3BE43-F45C-4468-974D-22CBFFB41517}
		{D81A6703-4618-4990-ACA7-C6691AB6984A} = {10DFC14F-DB50-4383-9B21-4605AC07E96C}
		{4E781850-1D6A-4197-BFE6-2899D034C934} = {10DFC14F-DB50-4383-9B21-4605AC07E96C}
		{91BC9B06-C2CD-4F52-95C1-15CFF8FEC6B9} = {10DFC14F-DB50-4383-9B21-4605AC07E96C}
		{33587606-C237-4EAE-89AC-80BDCAEDE159} = {10DFC14F-DB50-4383-9B21-4605AC07E96C}
	EndGlobalSection
	GlobalSection(ExtensibilityGlobals) = postSolution
		SolutionGuid = {6FA99C14-5063-4C1F-AD72-8D40E6DC3CCF}
	EndGlobalSection
EndGlobal
